{
  "name": "visual",
  "requires": true,
  "lockfileVersion": 1,
  "dependencies": {
    "@types/d3": {
      "version": "3.5.38",
      "resolved": "https://registry.npmjs.org/@types/d3/-/d3-3.5.38.tgz",
      "integrity": "sha1-dvjy6RWa5WKWWy+g5vvuGqZDobw="
    },
    "bootstrap": {
      "version": "3.3.7",
      "resolved": "https://registry.npmjs.org/bootstrap/-/bootstrap-3.3.7.tgz",
      "integrity": "sha1-WjiTlFSfIzMIdaOxUGVldPip63E="
    },
    "d3": {
      "version": "3.5.17",
      "resolved": "https://registry.npmjs.org/d3/-/d3-3.5.17.tgz",
      "integrity": "sha1-vEZ0gAQ3iyGjYMn8fPUjF5B2L7g="
    },
    "powerbi-visuals-utils-dataviewutils": {
      "version": "1.4.1",
      "resolved": "https://registry.npmjs.org/powerbi-visuals-utils-dataviewutils/-/powerbi-visuals-utils-dataviewutils-1.4.1.tgz",
      "integrity": "sha1-+z8Hq7d1mpLVkEGJzyrkMRPLr9M="
    }
  }
}
